
Microsoft Visual Studio Solution File, Format Version 12.00
# Visual Studio 15
VisualStudioVersion = 15.0.27703.2047
MinimumVisualStudioVersion = 10.0.40219.1
Project("{FAE04EC0-301F-11D3-BF4B-00C04F79EFBC}") = "Elekse.NetProject", "Elekse.NetProject\Elekse.NetProject.csproj", "{F0F37BA7-FF6B-4500-A910-401B95E13FC0}"
EndProject
Project("{FAE04EC0-301F-11D3-BF4B-00C04F79EFBC}") = "Elekse.Business", "Elekse.Business\Elekse.Business.csproj", "{E494D3BC-7846-452D-8773-8EE0C385CEEF}"
EndProject
Global
	GlobalSection(SolutionConfigurationPlatforms) = preSolution
		Debug|Any CPU = Debug|Any CPU
		Release|Any CPU = Release|Any CPU
	EndGlobalSection
	GlobalSection(ProjectConfigurationPlatforms) = postSolution
		{F0F37BA7-FF6B-4500-A910-401B95E13FC0}.Debug|Any CPU.ActiveCfg = Debug|Any CPU
		{F0F37BA7-FF6B-4500-A910-401B95E13FC0}.Debug|Any CPU.Build.0 = Debug|Any CPU
		{F0F37BA7-FF6B-4500-A910-401B95E13FC0}.Release|Any CPU.ActiveCfg = Release|Any CPU
		{F0F37BA7-FF6B-4500-A910-401B95E13FC0}.Release|Any CPU.Build.0 = Release|Any CPU
		{E494D3BC-7846-452D-8773-8EE0C385CEEF}.Debug|Any CPU.ActiveCfg = Debug|Any CPU
		{E494D3BC-7846-452D-8773-8EE0C385CEEF}.Debug|Any CPU.Build.0 = Debug|Any CPU
		{E494D3BC-7846-452D-8773-8EE0C385CEEF}.Release|Any CPU.ActiveCfg = Release|Any CPU
		{E494D3BC-7846-452D-8773-8EE0C385CEEF}.Release|Any CPU.Build.0 = Release|Any CPU
	EndGlobalSection
	GlobalSection(SolutionProperties) = preSolution
		HideSolutionNode = FALSE
	EndGlobalSection
	GlobalSection(ExtensibilityGlobals) = postSolution
		SolutionGuid = {1B727F0C-F4AA-4509-B6A6-FAF723C1B6ED}
	EndGlobalSection
	GlobalSection(TeamFoundationVersionControl) = preSolution
		SccNumberOfProjects = 3
		SccEnterpriseProvider = {4CA58AB2-18FA-4F8D-95D4-32DDF27D184C}
		SccLocalPath0 = .
		SccProjectUniqueName1 = Elekse.Business\\Elekse.Business.csproj
		SccProjectName1 = Elekse.Business
		SccLocalPath1 = Elekse.Business
		SccProjectUniqueName2 = Elekse.NetProject\\Elekse.NetProject.csproj
		SccProjectName2 = Elekse.NetProject
		SccLocalPath2 = Elekse.NetProject
	EndGlobalSection
EndGlobal
